// !$*UTF8*$!
{
	archiveVersion = 1;
	classes = {
	};
	objectVersion = 46;
	objects = {

/* Begin PBXBuildFile section */
		7B5FF5FE1B37D29E0034DC68 /* AppDelegate.swift in Sources */ = {isa = PBXBuildFile; fileRef = 7B5FF5FD1B37D29E0034DC68 /* AppDelegate.swift */; };
		7B5FF6001B37D29E0034DC68 /* ViewController.swift in Sources */ = {isa = PBXBuildFile; fileRef = 7B5FF5FF1B37D29E0034DC68 /* ViewController.swift */; };
		7B5FF6031B37D29E0034DC68 /* Main.storyboard in Resources */ = {isa = PBXBuildFile; fileRef = 7B5FF6011B37D29E0034DC68 /* Main.storyboard */; };
		7B5FF6051B37D29E0034DC68 /* Images.xcassets in Resources */ = {isa = PBXBuildFile; fileRef = 7B5FF6041B37D29E0034DC68 /* Images.xcassets */; };
		7B5FF6081B37D29E0034DC68 /* LaunchScreen.xib in Resources */ = {isa = PBXBuildFile; fileRef = 7B5FF6061B37D29E0034DC68 /* LaunchScreen.xib */; };
		7B5FF6141B37D29E0034DC68 /* Pitch_PerfectTests.swift in Sources */ = {isa = PBXBuildFile; fileRef = 7B5FF6131B37D29E0034DC68 /* Pitch_PerfectTests.swift */; };
/* End PBXBuildFile section */

/* Begin PBXContainerItemProxy section */
		7B5FF60E1B37D29E0034DC68 /* PBXContainerItemProxy */ = {
			isa = PBXContainerItemProxy;
			containerPortal = 7B5FF5F01B37D29E0034DC68 /* Project object */;
			proxyType = 1;
			remoteGlobalIDString = 7B5FF5F71B37D29E0034DC68;
			remoteInfo = "Pitch Perfect";
		};
/* End PBXContainerItemProxy section */

/* Begin PBXFileReference section */
		7B5FF5F81B37D29E0034DC68 /* Pitch Perfect.app */ = {isa = PBXFileReference; explicitFileType = wrapper.application; includeInIndex = 0; path = "Pitch Perfect.app"; sourceTree = BUILT_PRODUCTS_DIR; };
		7B5FF5FC1B37D29E0034DC68 /* Info.plist */ = {isa = PBXFileReference; lastKnownFileType = text.plist.xml; path = Info.plist; sourceTree = "<group>"; };
		7B5FF5FD1B37D29E0034DC68 /* AppDelegate.swift */ = {isa = PBXFileReference; lastKnownFileType = sourcecode.swift; path = AppDelegate.swift; sourceTree = "<group>"; };
		7B5FF5FF1B37D29E0034DC68 /* ViewController.swift */ = {isa = PBXFileReference; lastKnownFileType = sourcecode.swift; path = ViewController.swift; sourceTree = "<group>"; };
		7B5FF6021B37D29E0034DC68 /* Base */ = {isa = PBXFileReference; lastKnownFileType = file.storyboard; name = Base; path = Base.lproj/Main.storyboard; sourceTree = "<group>"; };
		7B5FF6041B37D29E0034DC68 /* Images.xcassets */ = {isa = PBXFileReference; lastKnownFileType = folder.assetcatalog; path = Images.xcassets; sourceTree = "<group>"; };
		7B5FF6071B37D29E0034DC68 /* Base */ = {isa = PBXFileReference; lastKnownFileType = file.xib; name = Base; path = Base.lproj/LaunchScreen.xib; sourceTree = "<group>"; };
		7B5FF60D1B37D29E0034DC68 /* Pitch PerfectTests.xctest */ = {isa = PBXFileReference; explicitFileType = wrapper.cfbundle; includeInIndex = 0; path = "Pitch PerfectTests.xctest"; sourceTree = BUILT_PRODUCTS_DIR; };
		7B5FF6121B37D29E0034DC68 /* Info.plist */ = {isa = PBXFileReference; lastKnownFileType = text.plist.xml; path = Info.plist; sourceTree = "<group>"; };
		7B5FF6131B37D29E0034DC68 /* Pitch_PerfectTests.swift */ = {isa = PBXFileReference; lastKnownFileType = sourcecode.swift; path = Pitch_PerfectTests.swift; sourceTree = "<group>"; };
/* End PBXFileReference section */

/* Begin PBXFrameworksBuildPhase section */
		7B5FF5F51B37D29E0034DC68 /* Frameworks */ = {
			isa = PBXFrameworksBuildPhase;
			buildActionMask = 2147483647;
			files = (
			);
			runOnlyForDeploymentPostprocessing = 0;
		};
		7B5FF60A1B37D29E0034DC68 /* Frameworks */ = {
			isa = PBXFrameworksBuildPhase;
			buildActionMask = 2147483647;
			files = (
			);
			runOnlyForDeploymentPostprocessing = 0;
		};
/* End PBXFrameworksBuildPhase section */

/* Begin PBXGroup section */
		7B5FF5EF1B37D29E0034DC68 = {
			isa = PBXGroup;
			children = (
				7B5FF5FA1B37D29E0034DC68 /* Pitch Perfect */,
				7B5FF6101B37D29E0034DC68 /* Pitch PerfectTests */,
				7B5FF5F91B37D29E0034DC68 /* Products */,
			);
			sourceTree = "<group>";
		};
		7B5FF5F91B37D29E0034DC68 /* Products */ = {
			isa = PBXGroup;
			children = (
				7B5FF5F81B37D29E0034DC68 /* Pitch Perfect.app */,
				7B5FF60D1B37D29E0034DC68 /* Pitch PerfectTests.xctest */,
			);
			name = Products;
			sourceTree = "<group>";
		};
		7B5FF5FA1B37D29E0034DC68 /* Pitch Perfect */ = {
			isa = PBXGroup;
			children = (
				7B5FF5FD1B37D29E0034DC68 /* AppDelegate.swift */,
				7B5FF5FF1B37D29E0034DC68 /* ViewController.swift */,
				7B5FF6011B37D29E0034DC68 /* Main.storyboard */,
				7B5FF6041B37D29E0034DC68 /* Images.xcassets */,
				7B5FF6061B37D29E0034DC68 /* LaunchScreen.xib */,
				7B5FF5FB1B37D29E0034DC68 /* Supporting Files */,
			);
			path = "Pitch Perfect";
			sourceTree = "<group>";
		};
		7B5FF5FB1B37D29E0034DC68 /* Supporting Files */ = {
			isa = PBXGroup;
			children = (
				7B5FF5FC1B37D29E0034DC68 /* Info.plist */,
			);
			name = "Supporting Files";
			sourceTree = "<group>";
		};
		7B5FF6101B37D29E0034DC68 /* Pitch PerfectTests */ = {
			isa = PBXGroup;
			children = (
				7B5FF6131B37D29E0034DC68 /* Pitch_PerfectTests.swift */,
				7B5FF6111B37D29E0034DC68 /* Supporting Files */,
			);
			path = "Pitch PerfectTests";
			sourceTree = "<group>";
		};
		7B5FF6111B37D29E0034DC68 /* Supporting Files */ = {
			isa = PBXGroup;
			children = (
				7B5FF6121B37D29E0034DC68 /* Info.plist */,
			);
			name = "Supporting Files";
			sourceTree = "<group>";
		};
/* End PBXGroup section */

/* Begin PBXNativeTarget section */
		7B5FF5F71B37D29E0034DC68 /* Pitch Perfect */ = {
			isa = PBXNativeTarget;
			buildConfigurationList = 7B5FF6171B37D29E0034DC68 /* Build configuration list for PBXNativeTarget "Pitch Perfect" */;
			buildPhases = (
				7B5FF5F41B37D29E0034DC68 /* Sources */,
				7B5FF5F51B37D29E0034DC68 /* Frameworks */,
				7B5FF5F61B37D29E0034DC68 /* Resources */,
			);
			buildRules = (
			);
			dependencies = (
			);
			name = "Pitch Perfect";
			productName = "Pitch Perfect";
			productReference = 7B5FF5F81B37D29E0034DC68 /* Pitch Perfect.app */;
			productType = "com.apple.product-type.application";
		};
		7B5FF60C1B37D29E0034DC68 /* Pitch PerfectTests */ = {
			isa = PBXNativeTarget;
			buildConfigurationList = 7B5FF61A1B37D29E0034DC68 /* Build configuration list for PBXNativeTarget "Pitch PerfectTests" */;
			buildPhases = (
				7B5FF6091B37D29E0034DC68 /* Sources */,
				7B5FF60A1B37D29E0034DC68 /* Frameworks */,
				7B5FF60B1B37D29E0034DC68 /* Resources */,
			);
			buildRules = (
			);
			dependencies = (
				7B5FF60F1B37D29E0034DC68 /* PBXTargetDependency */,
			);
			name = "Pitch PerfectTests";
			productName = "Pitch PerfectTests";
			productReference = 7B5FF60D1B37D29E0034DC68 /* Pitch PerfectTests.xctest */;
			productType = "com.apple.product-type.bundle.unit-test";
		};
/* End PBXNativeTarget section */

/* Begin PBXProject section */
		7B5FF5F01B37D29E0034DC68 /* Project object */ = {
			isa = PBXProject;
			attributes = {
				LastUpgradeCheck = 0630;
				ORGANIZATIONNAME = "Suyaib Ahmed";
				TargetAttributes = {
					7B5FF5F71B37D29E0034DC68 = {
						CreatedOnToolsVersion = 6.3.2;
					};
					7B5FF60C1B37D29E0034DC68 = {
						CreatedOnToolsVersion = 6.3.2;
						TestTargetID = 7B5FF5F71B37D29E0034DC68;
					};
				};
			};
			buildConfigurationList = 7B5FF5F31B37D29E0034DC68 /* Build configuration list for PBXProject "Pitch Perfect" */;
			compatibilityVersion = "Xcode 3.2";
			developmentRegion = English;
			hasScannedForEncodings = 0;
			knownRegions = (
				en,
				Base,
			);
			mainGroup = 7B5FF5EF1B37D29E0034DC68;
			productRefGroup = 7B5FF5F91B37D29E0034DC68 /* Products */;
			projectDirPath = "";
			projectRoot = "";
			targets = (
				7B5FF5F71B37D29E0034DC68 /* Pitch Perfect */,
				7B5FF60C1B37D29E0034DC68 /* Pitch PerfectTests */,
			);
		};
/* End PBXProject section */

/* Begin PBXResourcesBuildPhase section */
		7B5FF5F61B37D29E0034DC68 /* Resources */ = {
			isa = PBXResourcesBuildPhase;
			buildActionMask = 2147483647;
			files = (
				7B5FF6031B37D29E0034DC68 /* Main.storyboard in Resources */,
				7B5FF6081B37D29E0034DC68 /* LaunchScreen.xib in Resources */,
				7B5FF6051B37D29E0034DC68 /* Images.xcassets in Resources */,
			);
			runOnlyForDeploymentPostprocessing = 0;
		};
		7B5FF60B1B37D29E0034DC68 /* Resources */ = {
			isa = PBXResourcesBuildPhase;
			buildActionMask = 2147483647;
			files = (
			);
			runOnlyForDeploymentPostprocessing = 0;
		};
/* End PBXResourcesBuildPhase section */

/* Begin PBXSourcesBuildPhase section */
		7B5FF5F41B37D29E0034DC68 /* Sources */ = {
			isa = PBXSourcesBuildPhase;
			buildActionMask = 2147483647;
			files = (
				7B5FF6001B37D29E0034DC68 /* ViewController.swift in Sources */,
				7B5FF5FE1B37D29E0034DC68 /* AppDelegate.swift in Sources */,
			);
			runOnlyForDeploymentPostprocessing = 0;
		};
		7B5FF6091B37D29E0034DC68 /* Sources */ = {
			isa = PBXSourcesBuildPhase;
			buildActionMask = 2147483647;
			files = (
				7B5FF6141B37D29E0034DC68 /* Pitch_PerfectTests.swift in Sources */,
			);
			runOnlyForDeploymentPostprocessing = 0;
		};
/* End PBXSourcesBuildPhase section */

/* Begin PBXTargetDependency section */
		7B5FF60F1B37D29E0034DC68 /* PBXTargetDependency */ = {
			isa = PBXTargetDependency;
			target = 7B5FF5F71B37D29E0034DC68 /* Pitch Perfect */;
			targetProxy = 7B5FF60E1B37D29E0034DC68 /* PBXContainerItemProxy */;
		};
/* End PBXTargetDependency section */

/* Begin PBXVariantGroup section */
		7B5FF6011B37D29E0034DC68 /* Main.storyboard */ = {
			isa = PBXVariantGroup;
			children = (
				7B5FF6021B37D29E0034DC68 /* Base */,
			);
			name = Main.storyboard;
			sourceTree = "<group>";
		};
		7B5FF6061B37D29E0034DC68 /* LaunchScreen.xib */ = {
			isa = PBXVariantGroup;
			children = (
				7B5FF6071B37D29E0034DC68 /* Base */,
			);
			name = LaunchScreen.xib;
			sourceTree = "<group>";
		};
/* End PBXVariantGroup section */

/* Begin XCBuildConfiguration section */
		7B5FF6151B37D29E0034DC68 /* Debug */ = {
			isa = XCBuildConfiguration;
			buildSettings = {
				ALWAYS_SEARCH_USER_PATHS = NO;
				CLANG_CXX_LANGUAGE_STANDARD = "gnu++0x";
				CLANG_CXX_LIBRARY = "libc++";
				CLANG_ENABLE_MODULES = YES;
				CLANG_ENABLE_OBJC_ARC = YES;
				CLANG_WARN_BOOL_CONVERSION = YES;
				CLANG_WARN_CONSTANT_CONVERSION = YES;
				CLANG_WARN_DIRECT_OBJC_ISA_USAGE = YES_ERROR;
				CLANG_WARN_EMPTY_BODY = YES;
				CLANG_WARN_ENUM_CONVERSION = YES;
				CLANG_WARN_INT_CONVERSION = YES;
				CLANG_WARN_OBJC_ROOT_CLASS = YES_ERROR;
				CLANG_WARN_UNREACHABLE_CODE = YES;
				CLANG_WARN__DUPLICATE_METHOD_MATCH = YES;
				"CODE_SIGN_IDENTITY[sdk=iphoneos*]" = "iPhone Developer";
				COPY_PHASE_STRIP = NO;
				DEBUG_INFORMATION_FORMAT = "dwarf-with-dsym";
				ENABLE_STRICT_OBJC_MSGSEND = YES;
				GCC_C_LANGUAGE_STANDARD = gnu99;
				GCC_DYNAMIC_NO_PIC = NO;
				GCC_NO_COMMON_BLOCKS = YES;
				GCC_OPTIMIZATION_LEVEL = 0;
				GCC_PREPROCESSOR_DEFINITIONS = (
					"DEBUG=1",
					"$(inherited)",
				);
				GCC_SYMBOLS_PRIVATE_EXTERN = NO;
				GCC_WARN_64_TO_32_BIT_CONVERSION = YES;
				GCC_WARN_ABOUT_RETURN_TYPE = YES_ERROR;
				GCC_WARN_UNDECLARED_SELECTOR = YES;
				GCC_WARN_UNINITIALIZED_AUTOS = YES_AGGRESSIVE;
				GCC_WARN_UNUSED_FUNCTION = YES;
				GCC_WARN_UNUSED_VARIABLE = YES;
				IPHONEOS_DEPLOYMENT_TARGET = 8.3;
				MTL_ENABLE_DEBUG_INFO = YES;
				ONLY_ACTIVE_ARCH = YES;
				SDKROOT = iphoneos;
				SWIFT_OPTIMIZATION_LEVEL = "-Onone";
			};
			name = Debug;
		};
		7B5FF6161B37D29E0034DC68 /* Release */ = {
			isa = XCBuildConfiguration;
			buildSettings = {
				ALWAYS_SEARCH_USER_PATHS = NO;
				CLANG_CXX_LANGUAGE_STANDARD = "gnu++0x";
				CLANG_CXX_LIBRARY = "libc++";
				CLANG_ENABLE_MODULES = YES;
				CLANG_ENABLE_OBJC_ARC = YES;
				CLANG_WARN_BOOL_CONVERSION = YES;
				CLANG_WARN_CONSTANT_CONVERSION = YES;
				CLANG_WARN_DIRECT_OBJC_ISA_USAGE = YES_ERROR;
				CLANG_WARN_EMPTY_BODY = YES;
				CLANG_WARN_ENUM_CONVERSION = YES;
				CLANG_WARN_INT_CONVERSION = YES;
				CLANG_WARN_OBJC_ROOT_CLASS = YES_ERROR;
				CLANG_WARN_UNREACHABLE_CODE = YES;
				CLANG_WARN__DUPLICATE_METHOD_MATCH = YES;
				"CODE_SIGN_IDENTITY[sdk=iphoneos*]" = "iPhone Developer";
				COPY_PHASE_STRIP = NO;
				DEBUG_INFORMATION_FORMAT = "dwarf-with-dsym";
				ENABLE_NS_ASSERTIONS = NO;
				ENABLE_STRICT_OBJC_MSGSEND = YES;
				GCC_C_LANGUAGE_STANDARD = gnu99;
				GCC_NO_COMMON_BLOCKS = YES;
				GCC_WARN_64_TO_32_BIT_CONVERSION = YES;
				GCC_WARN_ABOUT_RETURN_TYPE = YES_ERROR;
				GCC_WARN_UNDECLARED_SELECTOR = YES;
				GCC_WARN_UNINITIALIZED_AUTOS = YES_AGGRESSIVE;
				GCC_WARN_UNUSED_FUNCTION = YES;
				GCC_WARN_UNUSED_VARIABLE = YES;
				IPHONEOS_DEPLOYMENT_TARGET = 8.3;
				MTL_ENABLE_DEBUG_INFO = NO;
				SDKROOT = iphoneos;
				VALIDATE_PRODUCT = YES;
			};
			name = Release;
		};
		7B5FF6181B37D29E0034DC68 /* Debug */ = {
			isa = XCBuildConfiguration;
			buildSettings = {
				ASSETCATALOG_COMPILER_APPICON_NAME = AppIcon;
				INFOPLIST_FILE = "Pitch Perfect/Info.plist";
				LD_RUNPATH_SEARCH_PATHS = "$(inherited) @executable_path/Frameworks";
				PRODUCT_NAME = "$(TARGET_NAME)";
			};
			name = Debug;
		};
		7B5FF6191B37D29E0034DC68 /* Release */ = {
			isa = XCBuildConfiguration;
			buildSettings = {
				ASSETCATALOG_COMPILER_APPICON_NAME = AppIcon;
				INFOPLIST_FILE = "Pitch Perfect/Info.plist";
				LD_RUNPATH_SEARCH_PATHS = "$(inherited) @executable_path/Frameworks";
				PRODUCT_NAME = "$(TARGET_NAME)";
			};
			name = Release;
		};
		7B5FF61B1B37D29E0034DC68 /* Debug */ = {
			isa = XCBuildConfiguration;
			buildSettings = {
				BUNDLE_LOADER = "$(TEST_HOST)";
				FRAMEWORK_SEARCH_PATHS = (
					"$(SDKROOT)/Developer/Library/Frameworks",
					"$(inherited)",
				);
				GCC_PREPROCESSOR_DEFINITIONS = (
					"DEBUG=1",
					"$(inherited)",
				);
				INFOPLIST_FILE = "Pitch PerfectTests/Info.plist";
				LD_RUNPATH_SEARCH_PATHS = "$(inherited) @executable_path/Frameworks @loader_path/Frameworks";
				PRODUCT_NAME = "$(TARGET_NAME)";
				TEST_HOST = "$(BUILT_PRODUCTS_DIR)/Pitch Perfect.app/Pitch Perfect";
			};
			name = Debug;
		};
		7B5FF61C1B37D29E0034DC68 /* Release */ = {
			isa = XCBuildConfiguration;
			buildSettings = {
				BUNDLE_LOADER = "$(TEST_HOST)";
				FRAMEWORK_SEARCH_PATHS = (
					"$(SDKROOT)/Developer/Library/Frameworks",
					"$(inherited)",
				);
				INFOPLIST_FILE = "Pitch PerfectTests/Info.plist";
				LD_RUNPATH_SEARCH_PATHS = "$(inherited) @executable_path/Frameworks @loader_path/Frameworks";
				PRODUCT_NAME = "$(TARGET_NAME)";
				TEST_HOST = "$(BUILT_PRODUCTS_DIR)/Pitch Perfect.app/Pitch Perfect";
			};
			name = Release;
		};
/* End XCBuildConfiguration section */

/* Begin XCConfigurationList section */
		7B5FF5F31B37D29E0034DC68 /* Build configuration list for PBXProject "Pitch Perfect" */ = {
			isa = XCConfigurationList;
			buildConfigurations = (
				7B5FF6151B37D29E0034DC68 /* Debug */,
				7B5FF6161B37D29E0034DC68 /* Release */,
			);
			defaultConfigurationIsVisible = 0;
			defaultConfigurationName = Release;
		};
		7B5FF6171B37D29E0034DC68 /* Build configuration list for PBXNativeTarget "Pitch Perfect" */ = {
			isa = XCConfigurationList;
			buildConfigurations = (
				7B5FF6181B37D29E0034DC68 /* Debug */,
				7B5FF6191B37D29E0034DC68 /* Release */,
			);
			defaultConfigurationIsVisible = 0;
		};
		7B5FF61A1B37D29E0034DC68 /* Build configuration list for PBXNativeTarget "Pitch PerfectTests" */ = {
			isa = XCConfigurationList;
			buildConfigurations = (
				7B5FF61B1B37D29E0034DC68 /* Debug */,
				7B5FF61C1B37D29E0034DC68 /* Release */,
			);
			defaultConfigurationIsVisible = 0;
		};
/* End XCConfigurationList section */
	};
	rootObject = 7B5FF5F01B37D29E0034DC68 /* Project object */;
}
